// !$*UTF8*$!
{
	archiveVersion = 1;
	classes = {
	};
	objectVersion = 55;
	objects = {

/* Begin PBXBuildFile section */
		1205B1702801575C00175F02 /* Launch Screen.storyboard in Resources */ = {isa = PBXBuildFile; fileRef = 1205B16F2801575C00175F02 /* Launch Screen.storyboard */; };
		121E7F8128097AE100712306 /* Registration.swift in Sources */ = {isa = PBXBuildFile; fileRef = 121E7F8028097AE100712306 /* Registration.swift */; };
		12272B8627FF72E000427932 /* COLOMBO_BSCCOMP_PT_202_004App.swift in Sources */ = {isa = PBXBuildFile; fileRef = 12272B8527FF72E000427932 /* COLOMBO_BSCCOMP_PT_202_004App.swift */; };
		12272B8827FF72E000427932 /* ContentView.swift in Sources */ = {isa = PBXBuildFile; fileRef = 12272B8727FF72E000427932 /* ContentView.swift */; };
		12272B8D27FF72E100427932 /* Preview Assets.xcassets in Resources */ = {isa = PBXBuildFile; fileRef = 12272B8C27FF72E100427932 /* Preview Assets.xcassets */; };
		12272B9727FF72E100427932 /* COLOMBO_BSCCOMP_PT_202_004Tests.swift in Sources */ = {isa = PBXBuildFile; fileRef = 12272B9627FF72E100427932 /* COLOMBO_BSCCOMP_PT_202_004Tests.swift */; };
		12272BA127FF72E100427932 /* COLOMBO_BSCCOMP_PT_202_004UITests.swift in Sources */ = {isa = PBXBuildFile; fileRef = 12272BA027FF72E100427932 /* COLOMBO_BSCCOMP_PT_202_004UITests.swift */; };
		12272BA327FF72E100427932 /* COLOMBO_BSCCOMP_PT_202_004UITestsLaunchTests.swift in Sources */ = {isa = PBXBuildFile; fileRef = 12272BA227FF72E100427932 /* COLOMBO_BSCCOMP_PT_202_004UITestsLaunchTests.swift */; };
		12959C672809A48300D37645 /* GoogleService-Info.plist in Resources */ = {isa = PBXBuildFile; fileRef = 12959C662809A48200D37645 /* GoogleService-Info.plist */; };
		129AE93028099BE200ED162E /* FirebaseAuth in Frameworks */ = {isa = PBXBuildFile; productRef = 129AE92F28099BE200ED162E /* FirebaseAuth */; };
		129AE93228099BE200ED162E /* FirebaseFirestore in Frameworks */ = {isa = PBXBuildFile; productRef = 129AE93128099BE200ED162E /* FirebaseFirestore */; };
		129AE93428099BE200ED162E /* FirebaseStorage in Frameworks */ = {isa = PBXBuildFile; productRef = 129AE93328099BE200ED162E /* FirebaseStorage */; };
		129AE93728099CC100ED162E /* SDWebImageSwiftUI in Frameworks */ = {isa = PBXBuildFile; productRef = 129AE93628099CC100ED162E /* SDWebImageSwiftUI */; };
		12B9480C280AF6310041FD5B /* Assets.xcassets in Resources */ = {isa = PBXBuildFile; fileRef = 12B9480B280AF6310041FD5B /* Assets.xcassets */; };
		12B94810280B401A0041FD5B /* TermsAndConditionsView.swift in Sources */ = {isa = PBXBuildFile; fileRef = 12B9480F280B401A0041FD5B /* TermsAndConditionsView.swift */; };
		12E8D98E280960FB003B8F19 /* FirebaseHelper.swift in Sources */ = {isa = PBXBuildFile; fileRef = 12E8D98D280960FB003B8F19 /* FirebaseHelper.swift */; };
		12E8D99028096154003B8F19 /* LocationManagerHelper.swift in Sources */ = {isa = PBXBuildFile; fileRef = 12E8D98F28096154003B8F19 /* LocationManagerHelper.swift */; };
		12E8D992280961B8003B8F19 /* Extensions.swift in Sources */ = {isa = PBXBuildFile; fileRef = 12E8D991280961B8003B8F19 /* Extensions.swift */; };
		12E8D99528096244003B8F19 /* LoginModel.swift in Sources */ = {isa = PBXBuildFile; fileRef = 12E8D99428096244003B8F19 /* LoginModel.swift */; };
		12E8D99728096277003B8F19 /* RegisterModel.swift in Sources */ = {isa = PBXBuildFile; fileRef = 12E8D99628096277003B8F19 /* RegisterModel.swift */; };
		12E8D999280962A4003B8F19 /* ErrorMessageModel.swift in Sources */ = {isa = PBXBuildFile; fileRef = 12E8D998280962A4003B8F19 /* ErrorMessageModel.swift */; };
		12E8D99B280962C3003B8F19 /* PickerImageModel.swift in Sources */ = {isa = PBXBuildFile; fileRef = 12E8D99A280962C3003B8F19 /* PickerImageModel.swift */; };
		12E8D99D280962EA003B8F19 /* AdvertisementModel.swift in Sources */ = {isa = PBXBuildFile; fileRef = 12E8D99C280962EA003B8F19 /* AdvertisementModel.swift */; };
		12E8D9A028096358003B8F19 /* LoginViewModel.swift in Sources */ = {isa = PBXBuildFile; fileRef = 12E8D99F28096358003B8F19 /* LoginViewModel.swift */; };
		12E8D9A328096389003B8F19 /* RegisterViewModel.swift in Sources */ = {isa = PBXBuildFile; fileRef = 12E8D9A228096389003B8F19 /* RegisterViewModel.swift */; };
		12E8D9A5280963E9003B8F19 /* ForgetPasswordViewModel.swift in Sources */ = {isa = PBXBuildFile; fileRef = 12E8D9A4280963E9003B8F19 /* ForgetPasswordViewModel.swift */; };
		12E8D9A728096417003B8F19 /* CustomPickerViewModel.swift in Sources */ = {isa = PBXBuildFile; fileRef = 12E8D9A628096417003B8F19 /* CustomPickerViewModel.swift */; };
		12E8D9A928096445003B8F19 /* HomeViewModel.swift in Sources */ = {isa = PBXBuildFile; fileRef = 12E8D9A828096445003B8F19 /* HomeViewModel.swift */; };
		12E8D9AB28096472003B8F19 /* AdvertisementViewModel.swift in Sources */ = {isa = PBXBuildFile; fileRef = 12E8D9AA28096472003B8F19 /* AdvertisementViewModel.swift */; };
		12E8D9AD280964A4003B8F19 /* SettingViewModel.swift in Sources */ = {isa = PBXBuildFile; fileRef = 12E8D9AC280964A4003B8F19 /* SettingViewModel.swift */; };
		12E8D9B0280965E3003B8F19 /* Home.swift in Sources */ = {isa = PBXBuildFile; fileRef = 12E8D9AF280965E3003B8F19 /* Home.swift */; };
		12E8D9B228096619003B8F19 /* Login.swift in Sources */ = {isa = PBXBuildFile; fileRef = 12E8D9B128096619003B8F19 /* Login.swift */; };
		12E8D9B42809666A003B8F19 /* Register.swift in Sources */ = {isa = PBXBuildFile; fileRef = 12E8D9B32809666A003B8F19 /* Register.swift */; };
		12E8D9B6280966A1003B8F19 /* ForgetPassword.swift in Sources */ = {isa = PBXBuildFile; fileRef = 12E8D9B5280966A1003B8F19 /* ForgetPassword.swift */; };
		12E8D9B8280966E7003B8F19 /* ErrorMessagesView.swift in Sources */ = {isa = PBXBuildFile; fileRef = 12E8D9B7280966E7003B8F19 /* ErrorMessagesView.swift */; };
		12E8D9BA28096717003B8F19 /* SettingView.swift in Sources */ = {isa = PBXBuildFile; fileRef = 12E8D9B928096717003B8F19 /* SettingView.swift */; };
		12E8D9BD2809678F003B8F19 /* AdvertisementView.swift in Sources */ = {isa = PBXBuildFile; fileRef = 12E8D9BC2809678F003B8F19 /* AdvertisementView.swift */; };
		12E8D9BF280967BD003B8F19 /* ImagePicker.swift in Sources */ = {isa = PBXBuildFile; fileRef = 12E8D9BE280967BD003B8F19 /* ImagePicker.swift */; };
		12E8D9C1280967E4003B8F19 /* CustomPicker.swift in Sources */ = {isa = PBXBuildFile; fileRef = 12E8D9C0280967E4003B8F19 /* CustomPicker.swift */; };
		12E8D9C328096825003B8F19 /* ImageCardView.swift in Sources */ = {isa = PBXBuildFile; fileRef = 12E8D9C228096825003B8F19 /* ImageCardView.swift */; };
		12E8D9C528096859003B8F19 /* AdvertisementItemView.swift in Sources */ = {isa = PBXBuildFile; fileRef = 12E8D9C428096859003B8F19 /* AdvertisementItemView.swift */; };
		12E8D9C72809689C003B8F19 /* AdvertisementDetailView.swift in Sources */ = {isa = PBXBuildFile; fileRef = 12E8D9C62809689C003B8F19 /* AdvertisementDetailView.swift */; };
/* End PBXBuildFile section */

/* Begin PBXContainerItemProxy section */
		12272B9327FF72E100427932 /* PBXContainerItemProxy */ = {
			isa = PBXContainerItemProxy;
			containerPortal = 12272B7A27FF72E000427932 /* Project object */;
			proxyType = 1;
			remoteGlobalIDString = 12272B8127FF72E000427932;
			remoteInfo = "COLOMBO-BSCCOMP-PT-202-004";
		};
		12272B9D27FF72E100427932 /* PBXContainerItemProxy */ = {
			isa = PBXContainerItemProxy;
			containerPortal = 12272B7A27FF72E000427932 /* Project object */;
			proxyType = 1;
			remoteGlobalIDString = 12272B8127FF72E000427932;
			remoteInfo = "COLOMBO-BSCCOMP-PT-202-004";
		};
/* End PBXContainerItemProxy section */

/* Begin PBXFileReference section */
		1205B16F2801575C00175F02 /* Launch Screen.storyboard */ = {isa = PBXFileReference; lastKnownFileType = file.storyboard; path = "Launch Screen.storyboard"; sourceTree = "<group>"; };
		121E7F8028097AE100712306 /* Registration.swift */ = {isa = PBXFileReference; lastKnownFileType = sourcecode.swift; path = Registration.swift; sourceTree = "<group>"; };
		12272B8227FF72E000427932 /* COLOMBO-BSCCOMP-PT-202-004.app */ = {isa = PBXFileReference; explicitFileType = wrapper.application; includeInIndex = 0; path = "COLOMBO-BSCCOMP-PT-202-004.app"; sourceTree = BUILT_PRODUCTS_DIR; };
		12272B8527FF72E000427932 /* COLOMBO_BSCCOMP_PT_202_004App.swift */ = {isa = PBXFileReference; lastKnownFileType = sourcecode.swift; path = COLOMBO_BSCCOMP_PT_202_004App.swift; sourceTree = "<group>"; };
		12272B8727FF72E000427932 /* ContentView.swift */ = {isa = PBXFileReference; lastKnownFileType = sourcecode.swift; path = ContentView.swift; sourceTree = "<group>"; };
		12272B8C27FF72E100427932 /* Preview Assets.xcassets */ = {isa = PBXFileReference; lastKnownFileType = folder.assetcatalog; name = "Preview Assets.xcassets"; path = "/Users/prabuddha/Desktop/IOS CourseWork/COLOMBO-BSCCOMP-PT-202-004/COLOMBO-BSCCOMP-PT-202-004/Preview Content/Preview Assets.xcassets"; sourceTree = "<absolute>"; };
		12272B9227FF72E100427932 /* COLOMBO-BSCCOMP-PT-202-004Tests.xctest */ = {isa = PBXFileReference; explicitFileType = wrapper.cfbundle; includeInIndex = 0; path = "COLOMBO-BSCCOMP-PT-202-004Tests.xctest"; sourceTree = BUILT_PRODUCTS_DIR; };
		12272B9627FF72E100427932 /* COLOMBO_BSCCOMP_PT_202_004Tests.swift */ = {isa = PBXFileReference; lastKnownFileType = sourcecode.swift; path = COLOMBO_BSCCOMP_PT_202_004Tests.swift; sourceTree = "<group>"; };
		12272B9C27FF72E100427932 /* COLOMBO-BSCCOMP-PT-202-004UITests.xctest */ = {isa = PBXFileReference; explicitFileType = wrapper.cfbundle; includeInIndex = 0; path = "COLOMBO-BSCCOMP-PT-202-004UITests.xctest"; sourceTree = BUILT_PRODUCTS_DIR; };
		12272BA027FF72E100427932 /* COLOMBO_BSCCOMP_PT_202_004UITests.swift */ = {isa = PBXFileReference; lastKnownFileType = sourcecode.swift; path = COLOMBO_BSCCOMP_PT_202_004UITests.swift; sourceTree = "<group>"; };
		12272BA227FF72E100427932 /* COLOMBO_BSCCOMP_PT_202_004UITestsLaunchTests.swift */ = {isa = PBXFileReference; lastKnownFileType = sourcecode.swift; path = COLOMBO_BSCCOMP_PT_202_004UITestsLaunchTests.swift; sourceTree = "<group>"; };
		12916B64280992C900777929 /* ForgetPasswordViewModel.swift */ = {isa = PBXFileReference; lastKnownFileType = sourcecode.swift; path = ForgetPasswordViewModel.swift; sourceTree = "<group>"; };
		12959C662809A48200D37645 /* GoogleService-Info.plist */ = {isa = PBXFileReference; fileEncoding = 4; lastKnownFileType = text.plist.xml; path = "GoogleService-Info.plist"; sourceTree = "<group>"; };
		12959C682809AF5700D37645 /* Info.plist */ = {isa = PBXFileReference; lastKnownFileType = text.plist; path = Info.plist; sourceTree = "<group>"; };
		12B9480B280AF6310041FD5B /* Assets.xcassets */ = {isa = PBXFileReference; lastKnownFileType = folder.assetcatalog; path = Assets.xcassets; sourceTree = "<group>"; };
		12B9480F280B401A0041FD5B /* TermsAndConditionsView.swift */ = {isa = PBXFileReference; lastKnownFileType = sourcecode.swift; path = TermsAndConditionsView.swift; sourceTree = "<group>"; };
		12E8D98D280960FB003B8F19 /* FirebaseHelper.swift */ = {isa = PBXFileReference; lastKnownFileType = sourcecode.swift; path = FirebaseHelper.swift; sourceTree = "<group>"; };
		12E8D98F28096154003B8F19 /* LocationManagerHelper.swift */ = {isa = PBXFileReference; lastKnownFileType = sourcecode.swift; path = LocationManagerHelper.swift; sourceTree = "<group>"; };
		12E8D991280961B8003B8F19 /* Extensions.swift */ = {isa = PBXFileReference; lastKnownFileType = sourcecode.swift; path = Extensions.swift; sourceTree = "<group>"; };
		12E8D99428096244003B8F19 /* LoginModel.swift */ = {isa = PBXFileReference; lastKnownFileType = sourcecode.swift; path = LoginModel.swift; sourceTree = "<group>"; };
		12E8D99628096277003B8F19 /* RegisterModel.swift */ = {isa = PBXFileReference; lastKnownFileType = sourcecode.swift; path = RegisterModel.swift; sourceTree = "<group>"; };
		12E8D998280962A4003B8F19 /* ErrorMessageModel.swift */ = {isa = PBXFileReference; lastKnownFileType = sourcecode.swift; path = ErrorMessageModel.swift; sourceTree = "<group>"; };
		12E8D99A280962C3003B8F19 /* PickerImageModel.swift */ = {isa = PBXFileReference; lastKnownFileType = sourcecode.swift; path = PickerImageModel.swift; sourceTree = "<group>"; };
		12E8D99C280962EA003B8F19 /* AdvertisementModel.swift */ = {isa = PBXFileReference; lastKnownFileType = sourcecode.swift; path = AdvertisementModel.swift; sourceTree = "<group>"; };
		12E8D99F28096358003B8F19 /* LoginViewModel.swift */ = {isa = PBXFileReference; lastKnownFileType = sourcecode.swift; path = LoginViewModel.swift; sourceTree = "<group>"; };
		12E8D9A228096389003B8F19 /* RegisterViewModel.swift */ = {isa = PBXFileReference; lastKnownFileType = sourcecode.swift; path = RegisterViewModel.swift; sourceTree = "<group>"; };
		12E8D9A4280963E9003B8F19 /* ForgetPasswordViewModel.swift */ = {isa = PBXFileReference; lastKnownFileType = sourcecode.swift; path = ForgetPasswordViewModel.swift; sourceTree = "<group>"; };
		12E8D9A628096417003B8F19 /* CustomPickerViewModel.swift */ = {isa = PBXFileReference; lastKnownFileType = sourcecode.swift; path = CustomPickerViewModel.swift; sourceTree = "<group>"; };
		12E8D9A828096445003B8F19 /* HomeViewModel.swift */ = {isa = PBXFileReference; lastKnownFileType = sourcecode.swift; path = HomeViewModel.swift; sourceTree = "<group>"; };
		12E8D9AA28096472003B8F19 /* AdvertisementViewModel.swift */ = {isa = PBXFileReference; lastKnownFileType = sourcecode.swift; path = AdvertisementViewModel.swift; sourceTree = "<group>"; };
		12E8D9AC280964A4003B8F19 /* SettingViewModel.swift */ = {isa = PBXFileReference; lastKnownFileType = sourcecode.swift; path = SettingViewModel.swift; sourceTree = "<group>"; };
		12E8D9AF280965E3003B8F19 /* Home.swift */ = {isa = PBXFileReference; lastKnownFileType = sourcecode.swift; path = Home.swift; sourceTree = "<group>"; };
		12E8D9B128096619003B8F19 /* Login.swift */ = {isa = PBXFileReference; lastKnownFileType = sourcecode.swift; path = Login.swift; sourceTree = "<group>"; };
		12E8D9B32809666A003B8F19 /* Register.swift */ = {isa = PBXFileReference; lastKnownFileType = sourcecode.swift; path = Register.swift; sourceTree = "<group>"; };
		12E8D9B5280966A1003B8F19 /* ForgetPassword.swift */ = {isa = PBXFileReference; lastKnownFileType = sourcecode.swift; path = ForgetPassword.swift; sourceTree = "<group>"; };
		12E8D9B7280966E7003B8F19 /* ErrorMessagesView.swift */ = {isa = PBXFileReference; lastKnownFileType = sourcecode.swift; path = ErrorMessagesView.swift; sourceTree = "<group>"; };
		12E8D9B928096717003B8F19 /* SettingView.swift */ = {isa = PBXFileReference; lastKnownFileType = sourcecode.swift; path = SettingView.swift; sourceTree = "<group>"; };
		12E8D9BC2809678F003B8F19 /* AdvertisementView.swift */ = {isa = PBXFileReference; lastKnownFileType = sourcecode.swift; path = AdvertisementView.swift; sourceTree = "<group>"; };
		12E8D9BE280967BD003B8F19 /* ImagePicker.swift */ = {isa = PBXFileReference; lastKnownFileType = sourcecode.swift; path = ImagePicker.swift; sourceTree = "<group>"; };
		12E8D9C0280967E4003B8F19 /* CustomPicker.swift */ = {isa = PBXFileReference; lastKnownFileType = sourcecode.swift; path = CustomPicker.swift; sourceTree = "<group>"; };
		12E8D9C228096825003B8F19 /* ImageCardView.swift */ = {isa = PBXFileReference; lastKnownFileType = sourcecode.swift; path = ImageCardView.swift; sourceTree = "<group>"; };
		12E8D9C428096859003B8F19 /* AdvertisementItemView.swift */ = {isa = PBXFileReference; lastKnownFileType = sourcecode.swift; path = AdvertisementItemView.swift; sourceTree = "<group>"; };
		12E8D9C62809689C003B8F19 /* AdvertisementDetailView.swift */ = {isa = PBXFileReference; lastKnownFileType = sourcecode.swift; path = AdvertisementDetailView.swift; sourceTree = "<group>"; };
/* End PBXFileReference section */

/* Begin PBXFrameworksBuildPhase section */
		12272B7F27FF72E000427932 /* Frameworks */ = {
			isa = PBXFrameworksBuildPhase;
			buildActionMask = 2147483647;
			files = (
				129AE93728099CC100ED162E /* SDWebImageSwiftUI in Frameworks */,
				129AE93028099BE200ED162E /* FirebaseAuth in Frameworks */,
				129AE93228099BE200ED162E /* FirebaseFirestore in Frameworks */,
				129AE93428099BE200ED162E /* FirebaseStorage in Frameworks */,
			);
			runOnlyForDeploymentPostprocessing = 0;
		};
		12272B8F27FF72E100427932 /* Frameworks */ = {
			isa = PBXFrameworksBuildPhase;
			buildActionMask = 2147483647;
			files = (
			);
			runOnlyForDeploymentPostprocessing = 0;
		};
		12272B9927FF72E100427932 /* Frameworks */ = {
			isa = PBXFrameworksBuildPhase;
			buildActionMask = 2147483647;
			files = (
			);
			runOnlyForDeploymentPostprocessing = 0;
		};
/* End PBXFrameworksBuildPhase section */

/* Begin PBXGroup section */
		12272B7927FF72E000427932 = {
			isa = PBXGroup;
			children = (
				12272B8427FF72E000427932 /* COLOMBO-BSCCOMP-PT-202-004 */,
				12272B9527FF72E100427932 /* COLOMBO-BSCCOMP-PT-202-004Tests */,
				12272B9F27FF72E100427932 /* COLOMBO-BSCCOMP-PT-202-004UITests */,
				12272B8327FF72E000427932 /* Products */,
			);
			sourceTree = "<group>";
			usesTabs = 0;
		};
		12272B8327FF72E000427932 /* Products */ = {
			isa = PBXGroup;
			children = (
				12272B8227FF72E000427932 /* COLOMBO-BSCCOMP-PT-202-004.app */,
				12272B9227FF72E100427932 /* COLOMBO-BSCCOMP-PT-202-004Tests.xctest */,
				12272B9C27FF72E100427932 /* COLOMBO-BSCCOMP-PT-202-004UITests.xctest */,
			);
			name = Products;
			sourceTree = "<group>";
		};
		12272B8427FF72E000427932 /* COLOMBO-BSCCOMP-PT-202-004 */ = {
			isa = PBXGroup;
			children = (
				12959C682809AF5700D37645 /* Info.plist */,
				12272B8527FF72E000427932 /* COLOMBO_BSCCOMP_PT_202_004App.swift */,
				12E8D9932809621E003B8F19 /* Model */,
				12E8D9AE280965D0003B8F19 /* View */,
				12E8D99E28096345003B8F19 /* ViewModel */,
				1256AC54280B86E6007F7476 /* Services */,
				12B9480B280AF6310041FD5B /* Assets.xcassets */,
				12272B8B27FF72E100427932 /* Preview Content */,
			);
			path = "COLOMBO-BSCCOMP-PT-202-004";
			sourceTree = "<group>";
		};
		12272B8B27FF72E100427932 /* Preview Content */ = {
			isa = PBXGroup;
			children = (
				12272B8C27FF72E100427932 /* Preview Assets.xcassets */,
			);
			path = "Preview Content";
			sourceTree = "<group>";
		};
		12272B9527FF72E100427932 /* COLOMBO-BSCCOMP-PT-202-004Tests */ = {
			isa = PBXGroup;
			children = (
				12272B9627FF72E100427932 /* COLOMBO_BSCCOMP_PT_202_004Tests.swift */,
			);
			path = "COLOMBO-BSCCOMP-PT-202-004Tests";
			sourceTree = "<group>";
		};
		12272B9F27FF72E100427932 /* COLOMBO-BSCCOMP-PT-202-004UITests */ = {
			isa = PBXGroup;
			children = (
				12272BA027FF72E100427932 /* COLOMBO_BSCCOMP_PT_202_004UITests.swift */,
				12272BA227FF72E100427932 /* COLOMBO_BSCCOMP_PT_202_004UITestsLaunchTests.swift */,
			);
			path = "COLOMBO-BSCCOMP-PT-202-004UITests";
			sourceTree = "<group>";
		};
		1256AC54280B86E6007F7476 /* Services */ = {
			isa = PBXGroup;
			children = (
				12959C662809A48200D37645 /* GoogleService-Info.plist */,
				12E8D98F28096154003B8F19 /* LocationManagerHelper.swift */,
				12E8D991280961B8003B8F19 /* Extensions.swift */,
				12E8D98D280960FB003B8F19 /* FirebaseHelper.swift */,
			);
			path = Services;
			sourceTree = "<group>";
		};
		12E8D9932809621E003B8F19 /* Model */ = {
			isa = PBXGroup;
			children = (
				12E8D99428096244003B8F19 /* LoginModel.swift */,
				12E8D99628096277003B8F19 /* RegisterModel.swift */,
				12E8D998280962A4003B8F19 /* ErrorMessageModel.swift */,
				12E8D99A280962C3003B8F19 /* PickerImageModel.swift */,
				12E8D99C280962EA003B8F19 /* AdvertisementModel.swift */,
				12916B64280992C900777929 /* ForgetPasswordViewModel.swift */,
			);
			path = Model;
			sourceTree = "<group>";
		};
		12E8D99E28096345003B8F19 /* ViewModel */ = {
			isa = PBXGroup;
			children = (
				12E8D99F28096358003B8F19 /* LoginViewModel.swift */,
				12E8D9A228096389003B8F19 /* RegisterViewModel.swift */,
				12E8D9A4280963E9003B8F19 /* ForgetPasswordViewModel.swift */,
				12E8D9A628096417003B8F19 /* CustomPickerViewModel.swift */,
				12E8D9A828096445003B8F19 /* HomeViewModel.swift */,
				12E8D9AA28096472003B8F19 /* AdvertisementViewModel.swift */,
				12E8D9AC280964A4003B8F19 /* SettingViewModel.swift */,
			);
			path = ViewModel;
			sourceTree = "<group>";
		};
		12E8D9AE280965D0003B8F19 /* View */ = {
			isa = PBXGroup;
			children = (
				1205B16F2801575C00175F02 /* Launch Screen.storyboard */,
				12272B8727FF72E000427932 /* ContentView.swift */,
				12E8D9AF280965E3003B8F19 /* Home.swift */,
				12E8D9B128096619003B8F19 /* Login.swift */,
				12E8D9B32809666A003B8F19 /* Register.swift */,
				12E8D9B5280966A1003B8F19 /* ForgetPassword.swift */,
				12E8D9B7280966E7003B8F19 /* ErrorMessagesView.swift */,
				12E8D9B928096717003B8F19 /* SettingView.swift */,
				12B9480F280B401A0041FD5B /* TermsAndConditionsView.swift */,
				121E7F8028097AE100712306 /* Registration.swift */,
				12E8D9BB28096756003B8F19 /* Advertisement */,
			);
			path = View;
			sourceTree = "<group>";
		};
		12E8D9BB28096756003B8F19 /* Advertisement */ = {
			isa = PBXGroup;
			children = (
				12E8D9BC2809678F003B8F19 /* AdvertisementView.swift */,
				12E8D9BE280967BD003B8F19 /* ImagePicker.swift */,
				12E8D9C0280967E4003B8F19 /* CustomPicker.swift */,
				12E8D9C228096825003B8F19 /* ImageCardView.swift */,
				12E8D9C428096859003B8F19 /* AdvertisementItemView.swift */,
				12E8D9C62809689C003B8F19 /* AdvertisementDetailView.swift */,
			);
			path = Advertisement;
			sourceTree = "<group>";
		};
/* End PBXGroup section */

/* Begin PBXNativeTarget section */
		12272B8127FF72E000427932 /* COLOMBO-BSCCOMP-PT-202-004 */ = {
			isa = PBXNativeTarget;
			buildConfigurationList = 12272BA627FF72E100427932 /* Build configuration list for PBXNativeTarget "COLOMBO-BSCCOMP-PT-202-004" */;
			buildPhases = (
				12272B7E27FF72E000427932 /* Sources */,
				12272B7F27FF72E000427932 /* Frameworks */,
				12272B8027FF72E000427932 /* Resources */,
			);
			buildRules = (
			);
			dependencies = (
			);
			name = "COLOMBO-BSCCOMP-PT-202-004";
			packageProductDependencies = (
				129AE92F28099BE200ED162E /* FirebaseAuth */,
				129AE93128099BE200ED162E /* FirebaseFirestore */,
				129AE93328099BE200ED162E /* FirebaseStorage */,
				129AE93628099CC100ED162E /* SDWebImageSwiftUI */,
			);
			productName = "COLOMBO-BSCCOMP-PT-202-004";
			productReference = 12272B8227FF72E000427932 /* COLOMBO-BSCCOMP-PT-202-004.app */;
			productType = "com.apple.product-type.application";
		};
		12272B9127FF72E100427932 /* COLOMBO-BSCCOMP-PT-202-004Tests */ = {
			isa = PBXNativeTarget;
			buildConfigurationList = 12272BA927FF72E100427932 /* Build configuration list for PBXNativeTarget "COLOMBO-BSCCOMP-PT-202-004Tests" */;
			buildPhases = (
				12272B8E27FF72E100427932 /* Sources */,
				12272B8F27FF72E100427932 /* Frameworks */,
				12272B9027FF72E100427932 /* Resources */,
			);
			buildRules = (
			);
			dependencies = (
				12272B9427FF72E100427932 /* PBXTargetDependency */,
			);
			name = "COLOMBO-BSCCOMP-PT-202-004Tests";
			productName = "COLOMBO-BSCCOMP-PT-202-004Tests";
			productReference = 12272B9227FF72E100427932 /* COLOMBO-BSCCOMP-PT-202-004Tests.xctest */;
			productType = "com.apple.product-type.bundle.unit-test";
		};
		12272B9B27FF72E100427932 /* COLOMBO-BSCCOMP-PT-202-004UITests */ = {
			isa = PBXNativeTarget;
			buildConfigurationList = 12272BAC27FF72E100427932 /* Build configuration list for PBXNativeTarget "COLOMBO-BSCCOMP-PT-202-004UITests" */;
			buildPhases = (
				12272B9827FF72E100427932 /* Sources */,
				12272B9927FF72E100427932 /* Frameworks */,
				12272B9A27FF72E100427932 /* Resources */,
			);
			buildRules = (
			);
			dependencies = (
				12272B9E27FF72E100427932 /* PBXTargetDependency */,
			);
			name = "COLOMBO-BSCCOMP-PT-202-004UITests";
			productName = "COLOMBO-BSCCOMP-PT-202-004UITests";
			productReference = 12272B9C27FF72E100427932 /* COLOMBO-BSCCOMP-PT-202-004UITests.xctest */;
			productType = "com.apple.product-type.bundle.ui-testing";
		};
/* End PBXNativeTarget section */

/* Begin PBXProject section */
		12272B7A27FF72E000427932 /* Project object */ = {
			isa = PBXProject;
			attributes = {
				BuildIndependentTargetsInParallel = 1;
				KnownAssetTags = (
					New,
				);
				LastSwiftUpdateCheck = 1330;
				LastUpgradeCheck = 1330;
				TargetAttributes = {
					12272B8127FF72E000427932 = {
						CreatedOnToolsVersion = 13.3;
					};
					12272B9127FF72E100427932 = {
						CreatedOnToolsVersion = 13.3;
						TestTargetID = 12272B8127FF72E000427932;
					};
					12272B9B27FF72E100427932 = {
						CreatedOnToolsVersion = 13.3;
						TestTargetID = 12272B8127FF72E000427932;
					};
				};
			};
			buildConfigurationList = 12272B7D27FF72E000427932 /* Build configuration list for PBXProject "COLOMBO-BSCCOMP-PT-202-004" */;
			compatibilityVersion = "Xcode 13.0";
			developmentRegion = en;
			hasScannedForEncodings = 0;
			knownRegions = (
				en,
				Base,
			);
			mainGroup = 12272B7927FF72E000427932;
			packageReferences = (
				129AE92E28099BE200ED162E /* XCRemoteSwiftPackageReference "firebase-ios-sdk" */,
				129AE93528099CC100ED162E /* XCRemoteSwiftPackageReference "SDWebImageSwiftUI" */,
			);
			productRefGroup = 12272B8327FF72E000427932 /* Products */;
			projectDirPath = "";
			projectRoot = "";
			targets = (
				12272B8127FF72E000427932 /* COLOMBO-BSCCOMP-PT-202-004 */,
				12272B9127FF72E100427932 /* COLOMBO-BSCCOMP-PT-202-004Tests */,
				12272B9B27FF72E100427932 /* COLOMBO-BSCCOMP-PT-202-004UITests */,
			);
		};
/* End PBXProject section */

/* Begin PBXResourcesBuildPhase section */
		12272B8027FF72E000427932 /* Resources */ = {
			isa = PBXResourcesBuildPhase;
			buildActionMask = 2147483647;
			files = (
				12272B8D27FF72E100427932 /* Preview Assets.xcassets in Resources */,
				12959C672809A48300D37645 /* GoogleService-Info.plist in Resources */,
				1205B1702801575C00175F02 /* Launch Screen.storyboard in Resources */,
				12B9480C280AF6310041FD5B /* Assets.xcassets in Resources */,
			);
			runOnlyForDeploymentPostprocessing = 0;
		};
		12272B9027FF72E100427932 /* Resources */ = {
			isa = PBXResourcesBuildPhase;
			buildActionMask = 2147483647;
			files = (
			);
			runOnlyForDeploymentPostprocessing = 0;
		};
		12272B9A27FF72E100427932 /* Resources */ = {
			isa = PBXResourcesBuildPhase;
			buildActionMask = 2147483647;
			files = (
			);
			runOnlyForDeploymentPostprocessing = 0;
		};
/* End PBXResourcesBuildPhase section */

/* Begin PBXSourcesBuildPhase section */
		12272B7E27FF72E000427932 /* Sources */ = {
			isa = PBXSourcesBuildPhase;
			buildActionMask = 2147483647;
			files = (
				12E8D9B228096619003B8F19 /* Login.swift in Sources */,
				12E8D9C528096859003B8F19 /* AdvertisementItemView.swift in Sources */,
				12B94810280B401A0041FD5B /* TermsAndConditionsView.swift in Sources */,
				12E8D9A928096445003B8F19 /* HomeViewModel.swift in Sources */,
				12E8D9C328096825003B8F19 /* ImageCardView.swift in Sources */,
				12E8D9C72809689C003B8F19 /* AdvertisementDetailView.swift in Sources */,
				12E8D9AD280964A4003B8F19 /* SettingViewModel.swift in Sources */,
				12E8D9BF280967BD003B8F19 /* ImagePicker.swift in Sources */,
				12E8D9B6280966A1003B8F19 /* ForgetPassword.swift in Sources */,
				121E7F8128097AE100712306 /* Registration.swift in Sources */,
				12E8D9B0280965E3003B8F19 /* Home.swift in Sources */,
				12272B8827FF72E000427932 /* ContentView.swift in Sources */,
				12E8D9BD2809678F003B8F19 /* AdvertisementView.swift in Sources */,
				12E8D9BA28096717003B8F19 /* SettingView.swift in Sources */,
				12E8D99028096154003B8F19 /* LocationManagerHelper.swift in Sources */,
				12E8D9A5280963E9003B8F19 /* ForgetPasswordViewModel.swift in Sources */,
				12E8D99B280962C3003B8F19 /* PickerImageModel.swift in Sources */,
				12272B8627FF72E000427932 /* COLOMBO_BSCCOMP_PT_202_004App.swift in Sources */,
				12E8D99528096244003B8F19 /* LoginModel.swift in Sources */,
				12E8D9B42809666A003B8F19 /* Register.swift in Sources */,
				12E8D98E280960FB003B8F19 /* FirebaseHelper.swift in Sources */,
				12E8D9A028096358003B8F19 /* LoginViewModel.swift in Sources */,
				12E8D9A328096389003B8F19 /* RegisterViewModel.swift in Sources */,
				12E8D9AB28096472003B8F19 /* AdvertisementViewModel.swift in Sources */,
				12E8D9A728096417003B8F19 /* CustomPickerViewModel.swift in Sources */,
				12E8D9C1280967E4003B8F19 /* CustomPicker.swift in Sources */,
				12E8D992280961B8003B8F19 /* Extensions.swift in Sources */,
				12E8D999280962A4003B8F19 /* ErrorMessageModel.swift in Sources */,
				12E8D99728096277003B8F19 /* RegisterModel.swift in Sources */,
				12E8D99D280962EA003B8F19 /* AdvertisementModel.swift in Sources */,
				12E8D9B8280966E7003B8F19 /* ErrorMessagesView.swift in Sources */,
			);
			runOnlyForDeploymentPostprocessing = 0;
		};
		12272B8E27FF72E100427932 /* Sources */ = {
			isa = PBXSourcesBuildPhase;
			buildActionMask = 2147483647;
			files = (
				12272B9727FF72E100427932 /* COLOMBO_BSCCOMP_PT_202_004Tests.swift in Sources */,
			);
			runOnlyForDeploymentPostprocessing = 0;
		};
		12272B9827FF72E100427932 /* Sources */ = {
			isa = PBXSourcesBuildPhase;
			buildActionMask = 2147483647;
			files = (
				12272BA327FF72E100427932 /* COLOMBO_BSCCOMP_PT_202_004UITestsLaunchTests.swift in Sources */,
				12272BA127FF72E100427932 /* COLOMBO_BSCCOMP_PT_202_004UITests.swift in Sources */,
			);
			runOnlyForDeploymentPostprocessing = 0;
		};
/* End PBXSourcesBuildPhase section */

/* Begin PBXTargetDependency section */
		12272B9427FF72E100427932 /* PBXTargetDependency */ = {
			isa = PBXTargetDependency;
			target = 12272B8127FF72E000427932 /* COLOMBO-BSCCOMP-PT-202-004 */;
			targetProxy = 12272B9327FF72E100427932 /* PBXContainerItemProxy */;
		};
		12272B9E27FF72E100427932 /* PBXTargetDependency */ = {
			isa = PBXTargetDependency;
			target = 12272B8127FF72E000427932 /* COLOMBO-BSCCOMP-PT-202-004 */;
			targetProxy = 12272B9D27FF72E100427932 /* PBXContainerItemProxy */;
		};
/* End PBXTargetDependency section */

/* Begin XCBuildConfiguration section */
		12272BA427FF72E100427932 /* Debug */ = {
			isa = XCBuildConfiguration;
			buildSettings = {
				ALWAYS_SEARCH_USER_PATHS = NO;
				CLANG_ANALYZER_NONNULL = YES;
				CLANG_ANALYZER_NUMBER_OBJECT_CONVERSION = YES_AGGRESSIVE;
				CLANG_CXX_LANGUAGE_STANDARD = "gnu++17";
				CLANG_ENABLE_MODULES = YES;
				CLANG_ENABLE_OBJC_ARC = YES;
				CLANG_ENABLE_OBJC_WEAK = YES;
				CLANG_WARN_BLOCK_CAPTURE_AUTORELEASING = YES;
				CLANG_WARN_BOOL_CONVERSION = YES;
				CLANG_WARN_COMMA = YES;
				CLANG_WARN_CONSTANT_CONVERSION = YES;
				CLANG_WARN_DEPRECATED_OBJC_IMPLEMENTATIONS = YES;
				CLANG_WARN_DIRECT_OBJC_ISA_USAGE = YES_ERROR;
				CLANG_WARN_DOCUMENTATION_COMMENTS = YES;
				CLANG_WARN_EMPTY_BODY = YES;
				CLANG_WARN_ENUM_CONVERSION = YES;
				CLANG_WARN_INFINITE_RECURSION = YES;
				CLANG_WARN_INT_CONVERSION = YES;
				CLANG_WARN_NON_LITERAL_NULL_CONVERSION = YES;
				CLANG_WARN_OBJC_IMPLICIT_RETAIN_SELF = YES;
				CLANG_WARN_OBJC_LITERAL_CONVERSION = YES;
				CLANG_WARN_OBJC_ROOT_CLASS = YES_ERROR;
				CLANG_WARN_QUOTED_INCLUDE_IN_FRAMEWORK_HEADER = YES;
				CLANG_WARN_RANGE_LOOP_ANALYSIS = YES;
				CLANG_WARN_STRICT_PROTOTYPES = YES;
				CLANG_WARN_SUSPICIOUS_MOVE = YES;
				CLANG_WARN_UNGUARDED_AVAILABILITY = YES_AGGRESSIVE;
				CLANG_WARN_UNREACHABLE_CODE = YES;
				CLANG_WARN__DUPLICATE_METHOD_MATCH = YES;
				COPY_PHASE_STRIP = NO;
				DEBUG_INFORMATION_FORMAT = dwarf;
				ENABLE_STRICT_OBJC_MSGSEND = YES;
				ENABLE_TESTABILITY = YES;
				GCC_C_LANGUAGE_STANDARD = gnu11;
				GCC_DYNAMIC_NO_PIC = NO;
				GCC_NO_COMMON_BLOCKS = YES;
				GCC_OPTIMIZATION_LEVEL = 0;
				GCC_PREPROCESSOR_DEFINITIONS = (
					"DEBUG=1",
					"$(inherited)",
				);
				GCC_WARN_64_TO_32_BIT_CONVERSION = YES;
				GCC_WARN_ABOUT_RETURN_TYPE = YES_ERROR;
				GCC_WARN_UNDECLARED_SELECTOR = YES;
				GCC_WARN_UNINITIALIZED_AUTOS = YES_AGGRESSIVE;
				GCC_WARN_UNUSED_FUNCTION = YES;
				GCC_WARN_UNUSED_VARIABLE = YES;
				IPHONEOS_DEPLOYMENT_TARGET = 15.4;
				MTL_ENABLE_DEBUG_INFO = INCLUDE_SOURCE;
				MTL_FAST_MATH = YES;
				ONLY_ACTIVE_ARCH = YES;
				SDKROOT = iphoneos;
				SWIFT_ACTIVE_COMPILATION_CONDITIONS = DEBUG;
				SWIFT_OPTIMIZATION_LEVEL = "-Onone";
			};
			name = Debug;
		};
		12272BA527FF72E100427932 /* Release */ = {
			isa = XCBuildConfiguration;
			buildSettings = {
				ALWAYS_SEARCH_USER_PATHS = NO;
				CLANG_ANALYZER_NONNULL = YES;
				CLANG_ANALYZER_NUMBER_OBJECT_CONVERSION = YES_AGGRESSIVE;
				CLANG_CXX_LANGUAGE_STANDARD = "gnu++17";
				CLANG_ENABLE_MODULES = YES;
				CLANG_ENABLE_OBJC_ARC = YES;
				CLANG_ENABLE_OBJC_WEAK = YES;
				CLANG_WARN_BLOCK_CAPTURE_AUTORELEASING = YES;
				CLANG_WARN_BOOL_CONVERSION = YES;
				CLANG_WARN_COMMA = YES;
				CLANG_WARN_CONSTANT_CONVERSION = YES;
				CLANG_WARN_DEPRECATED_OBJC_IMPLEMENTATIONS = YES;
				CLANG_WARN_DIRECT_OBJC_ISA_USAGE = YES_ERROR;
				CLANG_WARN_DOCUMENTATION_COMMENTS = YES;
				CLANG_WARN_EMPTY_BODY = YES;
				CLANG_WARN_ENUM_CONVERSION = YES;
				CLANG_WARN_INFINITE_RECURSION = YES;
				CLANG_WARN_INT_CONVERSION = YES;
				CLANG_WARN_NON_LITERAL_NULL_CONVERSION = YES;
				CLANG_WARN_OBJC_IMPLICIT_RETAIN_SELF = YES;
				CLANG_WARN_OBJC_LITERAL_CONVERSION = YES;
				CLANG_WARN_OBJC_ROOT_CLASS = YES_ERROR;
				CLANG_WARN_QUOTED_INCLUDE_IN_FRAMEWORK_HEADER = YES;
				CLANG_WARN_RANGE_LOOP_ANALYSIS = YES;
				CLANG_WARN_STRICT_PROTOTYPES = YES;
				CLANG_WARN_SUSPICIOUS_MOVE = YES;
				CLANG_WARN_UNGUARDED_AVAILABILITY = YES_AGGRESSIVE;
				CLANG_WARN_UNREACHABLE_CODE = YES;
				CLANG_WARN__DUPLICATE_METHOD_MATCH = YES;
				COPY_PHASE_STRIP = NO;
				DEBUG_INFORMATION_FORMAT = "dwarf-with-dsym";
				ENABLE_NS_ASSERTIONS = NO;
				ENABLE_STRICT_OBJC_MSGSEND = YES;
				GCC_C_LANGUAGE_STANDARD = gnu11;
				GCC_NO_COMMON_BLOCKS = YES;
				GCC_WARN_64_TO_32_BIT_CONVERSION = YES;
				GCC_WARN_ABOUT_RETURN_TYPE = YES_ERROR;
				GCC_WARN_UNDECLARED_SELECTOR = YES;
				GCC_WARN_UNINITIALIZED_AUTOS = YES_AGGRESSIVE;
				GCC_WARN_UNUSED_FUNCTION = YES;
				GCC_WARN_UNUSED_VARIABLE = YES;
				IPHONEOS_DEPLOYMENT_TARGET = 15.4;
				MTL_ENABLE_DEBUG_INFO = NO;
				MTL_FAST_MATH = YES;
				SDKROOT = iphoneos;
				SWIFT_COMPILATION_MODE = wholemodule;
				SWIFT_OPTIMIZATION_LEVEL = "-O";
				VALIDATE_PRODUCT = YES;
			};
			name = Release;
		};
		12272BA727FF72E100427932 /* Debug */ = {
			isa = XCBuildConfiguration;
			buildSettings = {
				ASSETCATALOG_COMPILER_APPICON_NAME = AppIcon;
				ASSETCATALOG_COMPILER_GLOBAL_ACCENT_COLOR_NAME = AccentColor;
				ASSETCATALOG_COMPILER_INCLUDE_ALL_APPICON_ASSETS = YES;
				CLANG_WARN_BLOCK_CAPTURE_AUTORELEASING = YES;
				CLANG_WARN_BOOL_CONVERSION = YES;
				CLANG_WARN_COMMA = YES;
				CLANG_WARN_CONSTANT_CONVERSION = YES;
				CLANG_WARN_DOCUMENTATION_COMMENTS = YES;
				CLANG_WARN_EMPTY_BODY = YES;
				CLANG_WARN_ENUM_CONVERSION = YES;
				CLANG_WARN_INFINITE_RECURSION = YES;
				CLANG_WARN_INT_CONVERSION = YES;
				CLANG_WARN_NON_LITERAL_NULL_CONVERSION = YES;
				CLANG_WARN_PRIVATE_MODULE = YES;
				CLANG_WARN_QUOTED_INCLUDE_IN_FRAMEWORK_HEADER = YES;
				CLANG_WARN_STRICT_PROTOTYPES = YES;
				CODE_SIGN_STYLE = Automatic;
				CURRENT_PROJECT_VERSION = 1;
				DEVELOPMENT_ASSET_PATHS = "\"COLOMBO-BSCCOMP-PT-202-004/Preview Content\"";
				DEVELOPMENT_TEAM = 9C2K84YV44;
				ENABLE_BITCODE = YES;
				ENABLE_PREVIEWS = YES;
				GCC_WARN_64_TO_32_BIT_CONVERSION = YES;
				GCC_WARN_ABOUT_DEPRECATED_FUNCTIONS = YES;
				GCC_WARN_ABOUT_MISSING_FIELD_INITIALIZERS = NO;
				GCC_WARN_ABOUT_POINTER_SIGNEDNESS = YES;
				GCC_WARN_ABOUT_RETURN_TYPE = YES_ERROR;
				GCC_WARN_CHECK_SWITCH_STATEMENTS = YES;
				GCC_WARN_MISSING_PARENTHESES = YES;
				GCC_WARN_TYPECHECK_CALLS_TO_PRINTF = YES;
				GENERATE_INFOPLIST_FILE = YES;
				INFOPLIST_FILE = "COLOMBO-BSCCOMP-PT-202-004/Info.plist";
				INFOPLIST_KEY_CFBundleDisplayName = "NIBM-Broker";
				INFOPLIST_KEY_NSLocationAlwaysAndWhenInUseUsageDescription = "Allow access to Location\n\nclass ForgetPasswordViewModel: ObservableObject {\n    @Published var login = LoginModel(email: \"\", pass: \"\")\n    @Published var message = ErrorMessageModel(alert: false, error: \"\", topic: \"Error\", isLoading: false, guestUser: false)\n    \n    func verifyResetPassword(){\n        if self.login.email != \"\" {\n            self.resetPassword()\n        }else{\n            self.message.error = \"Email ID is Empty\"\n            self.message.alert.toggle()\n        }\n    }\n\n    \n    func resetPassword(){\n        Auth.auth().sendPasswordReset(withEmail: self.login.email) { (err) in\n            if err != nil {\n                self.message.error = err!.localizedDescription\n                self.message.alert.toggle()\n                return\n            }else{\n                self.message.topic = \"Information\"\n                self.message.error = \"Password Reset Link has been sent successfully.\"\n                self.message.alert.toggle()\n            }\n        }\n    }\n}\n";
				INFOPLIST_KEY_NSLocationAlwaysUsageDescription = "Allow access to Location";
				INFOPLIST_KEY_NSLocationWhenInUseUsageDescription = "Allow access to Location";
				INFOPLIST_KEY_NSPhotoLibraryUsageDescription = "Allow access to galary";
				INFOPLIST_KEY_UIApplicationSceneManifest_Generation = YES;
				INFOPLIST_KEY_UIApplicationSupportsIndirectInputEvents = YES;
				INFOPLIST_KEY_UILaunchScreen_Generation = YES;
				INFOPLIST_KEY_UILaunchStoryboardName = "Launch Screen";
				INFOPLIST_KEY_UISupportedInterfaceOrientations_iPad = "UIInterfaceOrientationPortrait UIInterfaceOrientationPortraitUpsideDown UIInterfaceOrientationLandscapeLeft UIInterfaceOrientationLandscapeRight";
				INFOPLIST_KEY_UISupportedInterfaceOrientations_iPhone = "UIInterfaceOrientationPortrait UIInterfaceOrientationLandscapeLeft UIInterfaceOrientationLandscapeRight";
				LD_RUNPATH_SEARCH_PATHS = (
					"$(inherited)",
					"@executable_path/Frameworks",
				);
				MARKETING_VERSION = 1.0;
				PRODUCT_BUNDLE_IDENTIFIER = "nibm.COLOMBO-BSCCOMP-PT-202-004";
				PRODUCT_NAME = "$(TARGET_NAME)";
				SWIFT_EMIT_LOC_STRINGS = YES;
				SWIFT_VERSION = 5.0;
				TARGETED_DEVICE_FAMILY = "1,2";
			};
			name = Debug;
		};
		12272BA827FF72E100427932 /* Release */ = {
			isa = XCBuildConfiguration;
			buildSettings = {
				ASSETCATALOG_COMPILER_APPICON_NAME = AppIcon;
				ASSETCATALOG_COMPILER_GLOBAL_ACCENT_COLOR_NAME = AccentColor;
				ASSETCATALOG_COMPILER_INCLUDE_ALL_APPICON_ASSETS = YES;
				CLANG_WARN_BLOCK_CAPTURE_AUTORELEASING = YES;
				CLANG_WARN_BOOL_CONVERSION = YES;
				CLANG_WARN_COMMA = YES;
				CLANG_WARN_CONSTANT_CONVERSION = YES;
				CLANG_WARN_DOCUMENTATION_COMMENTS = YES;
				CLANG_WARN_EMPTY_BODY = YES;
				CLANG_WARN_ENUM_CONVERSION = YES;
				CLANG_WARN_INFINITE_RECURSION = YES;
				CLANG_WARN_INT_CONVERSION = YES;
				CLANG_WARN_NON_LITERAL_NULL_CONVERSION = YES;
				CLANG_WARN_PRIVATE_MODULE = YES;
				CLANG_WARN_QUOTED_INCLUDE_IN_FRAMEWORK_HEADER = YES;
				CLANG_WARN_STRICT_PROTOTYPES = YES;
				CODE_SIGN_STYLE = Automatic;
				CURRENT_PROJECT_VERSION = 1;
				DEVELOPMENT_ASSET_PATHS = "\"COLOMBO-BSCCOMP-PT-202-004/Preview Content\"";
				DEVELOPMENT_TEAM = 9C2K84YV44;
				ENABLE_BITCODE = YES;
				ENABLE_PREVIEWS = YES;
				GCC_WARN_64_TO_32_BIT_CONVERSION = YES;
				GCC_WARN_ABOUT_DEPRECATED_FUNCTIONS = YES;
				GCC_WARN_ABOUT_MISSING_FIELD_INITIALIZERS = NO;
				GCC_WARN_ABOUT_POINTER_SIGNEDNESS = YES;
				GCC_WARN_ABOUT_RETURN_TYPE = YES_ERROR;
				GCC_WARN_CHECK_SWITCH_STATEMENTS = YES;
				GCC_WARN_MISSING_PARENTHESES = YES;
				GCC_WARN_TYPECHECK_CALLS_TO_PRINTF = YES;
				GENERATE_INFOPLIST_FILE = YES;
				INFOPLIST_FILE = "COLOMBO-BSCCOMP-PT-202-004/Info.plist";
				INFOPLIST_KEY_CFBundleDisplayName = "NIBM-Broker";
				INFOPLIST_KEY_NSLocationAlwaysAndWhenInUseUsageDescription = "Allow access to Location\n\nclass ForgetPasswordViewModel: ObservableObject {\n    @Published var login = LoginModel(email: \"\", pass: \"\")\n    @Published var message = ErrorMessageModel(alert: false, error: \"\", topic: \"Error\", isLoading: false, guestUser: false)\n    \n    func verifyResetPassword(){\n        if self.login.email != \"\" {\n            self.resetPassword()\n        }else{\n            self.message.error = \"Email ID is Empty\"\n            self.message.alert.toggle()\n        }\n    }\n\n    \n    func resetPassword(){\n        Auth.auth().sendPasswordReset(withEmail: self.login.email) { (err) in\n            if err != nil {\n                self.message.error = err!.localizedDescription\n                self.message.alert.toggle()\n                return\n            }else{\n                self.message.topic = \"Information\"\n                self.message.error = \"Password Reset Link has been sent successfully.\"\n                self.message.alert.toggle()\n            }\n        }\n    }\n}\n";
				INFOPLIST_KEY_NSLocationAlwaysUsageDescription = "Allow access to Location";
				INFOPLIST_KEY_NSLocationWhenInUseUsageDescription = "Allow access to Location";
				INFOPLIST_KEY_NSPhotoLibraryUsageDescription = "Allow access to galary";
				INFOPLIST_KEY_UIApplicationSceneManifest_Generation = YES;
				INFOPLIST_KEY_UIApplicationSupportsIndirectInputEvents = YES;
				INFOPLIST_KEY_UILaunchScreen_Generation = YES;
				INFOPLIST_KEY_UILaunchStoryboardName = "Launch Screen";
				INFOPLIST_KEY_UISupportedInterfaceOrientations_iPad = "UIInterfaceOrientationPortrait UIInterfaceOrientationPortraitUpsideDown UIInterfaceOrientationLandscapeLeft UIInterfaceOrientationLandscapeRight";
				INFOPLIST_KEY_UISupportedInterfaceOrientations_iPhone = "UIInterfaceOrientationPortrait UIInterfaceOrientationLandscapeLeft UIInterfaceOrientationLandscapeRight";
				LD_RUNPATH_SEARCH_PATHS = (
					"$(inherited)",
					"@executable_path/Frameworks",
				);
				MARKETING_VERSION = 1.0;
				PRODUCT_BUNDLE_IDENTIFIER = "nibm.COLOMBO-BSCCOMP-PT-202-004";
				PRODUCT_NAME = "$(TARGET_NAME)";
				SWIFT_EMIT_LOC_STRINGS = YES;
				SWIFT_VERSION = 5.0;
				TARGETED_DEVICE_FAMILY = "1,2";
			};
			name = Release;
		};
		12272BAA27FF72E100427932 /* Debug */ = {
			isa = XCBuildConfiguration;
			buildSettings = {
				ALWAYS_EMBED_SWIFT_STANDARD_LIBRARIES = YES;
				BUNDLE_LOADER = "$(TEST_HOST)";
				CODE_SIGN_STYLE = Automatic;
				CURRENT_PROJECT_VERSION = 1;
				DEVELOPMENT_TEAM = 9C2K84YV44;
				GENERATE_INFOPLIST_FILE = YES;
				IPHONEOS_DEPLOYMENT_TARGET = 15.4;
				MARKETING_VERSION = 1.0;
				PRODUCT_BUNDLE_IDENTIFIER = "nibm.COLOMBO-BSCCOMP-PT-202-004Tests";
				PRODUCT_NAME = "$(TARGET_NAME)";
				SWIFT_EMIT_LOC_STRINGS = NO;
				SWIFT_VERSION = 5.0;
				TARGETED_DEVICE_FAMILY = "1,2";
				TEST_HOST = "$(BUILT_PRODUCTS_DIR)/COLOMBO-BSCCOMP-PT-202-004.app/COLOMBO-BSCCOMP-PT-202-004";
			};
			name = Debug;
		};
		12272BAB27FF72E100427932 /* Release */ = {
			isa = XCBuildConfiguration;
			buildSettings = {
				ALWAYS_EMBED_SWIFT_STANDARD_LIBRARIES = YES;
				BUNDLE_LOADER = "$(TEST_HOST)";
				CODE_SIGN_STYLE = Automatic;
				CURRENT_PROJECT_VERSION = 1;
				DEVELOPMENT_TEAM = 9C2K84YV44;
				GENERATE_INFOPLIST_FILE = YES;
				IPHONEOS_DEPLOYMENT_TARGET = 15.4;
				MARKETING_VERSION = 1.0;
				PRODUCT_BUNDLE_IDENTIFIER = "nibm.COLOMBO-BSCCOMP-PT-202-004Tests";
				PRODUCT_NAME = "$(TARGET_NAME)";
				SWIFT_EMIT_LOC_STRINGS = NO;
				SWIFT_VERSION = 5.0;
				TARGETED_DEVICE_FAMILY = "1,2";
				TEST_HOST = "$(BUILT_PRODUCTS_DIR)/COLOMBO-BSCCOMP-PT-202-004.app/COLOMBO-BSCCOMP-PT-202-004";
			};
			name = Release;
		};
		12272BAD27FF72E100427932 /* Debug */ = {
			isa = XCBuildConfiguration;
			buildSettings = {
				ALWAYS_EMBED_SWIFT_STANDARD_LIBRARIES = YES;
				CODE_SIGN_STYLE = Automatic;
				CURRENT_PROJECT_VERSION = 1;
				DEVELOPMENT_TEAM = 9C2K84YV44;
				GENERATE_INFOPLIST_FILE = YES;
				MARKETING_VERSION = 1.0;
				PRODUCT_BUNDLE_IDENTIFIER = "nibm.COLOMBO-BSCCOMP-PT-202-004UITests";
				PRODUCT_NAME = "$(TARGET_NAME)";
				SWIFT_EMIT_LOC_STRINGS = NO;
				SWIFT_VERSION = 5.0;
				TARGETED_DEVICE_FAMILY = "1,2";
				TEST_TARGET_NAME = "COLOMBO-BSCCOMP-PT-202-004";
			};
			name = Debug;
		};
		12272BAE27FF72E100427932 /* Release */ = {
			isa = XCBuildConfiguration;
			buildSettings = {
				ALWAYS_EMBED_SWIFT_STANDARD_LIBRARIES = YES;
				CODE_SIGN_STYLE = Automatic;
				CURRENT_PROJECT_VERSION = 1;
				DEVELOPMENT_TEAM = 9C2K84YV44;
				GENERATE_INFOPLIST_FILE = YES;
				MARKETING_VERSION = 1.0;
				PRODUCT_BUNDLE_IDENTIFIER = "nibm.COLOMBO-BSCCOMP-PT-202-004UITests";
				PRODUCT_NAME = "$(TARGET_NAME)";
				SWIFT_EMIT_LOC_STRINGS = NO;
				SWIFT_VERSION = 5.0;
				TARGETED_DEVICE_FAMILY = "1,2";
				TEST_TARGET_NAME = "COLOMBO-BSCCOMP-PT-202-004";
			};
			name = Release;
		};
/* End XCBuildConfiguration section */

/* Begin XCConfigurationList section */
		12272B7D27FF72E000427932 /* Build configuration list for PBXProject "COLOMBO-BSCCOMP-PT-202-004" */ = {
			isa = XCConfigurationList;
			buildConfigurations = (
				12272BA427FF72E100427932 /* Debug */,
				12272BA527FF72E100427932 /* Release */,
			);
			defaultConfigurationIsVisible = 0;
			defaultConfigurationName = Release;
		};
		12272BA627FF72E100427932 /* Build configuration list for PBXNativeTarget "COLOMBO-BSCCOMP-PT-202-004" */ = {
			isa = XCConfigurationList;
			buildConfigurations = (
				12272BA727FF72E100427932 /* Debug */,
				12272BA827FF72E100427932 /* Release */,
			);
			defaultConfigurationIsVisible = 0;
			defaultConfigurationName = Release;
		};
		12272BA927FF72E100427932 /* Build configuration list for PBXNativeTarget "COLOMBO-BSCCOMP-PT-202-004Tests" */ = {
			isa = XCConfigurationList;
			buildConfigurations = (
				12272BAA27FF72E100427932 /* Debug */,
				12272BAB27FF72E100427932 /* Release */,
			);
			defaultConfigurationIsVisible = 0;
			defaultConfigurationName = Release;
		};
		12272BAC27FF72E100427932 /* Build configuration list for PBXNativeTarget "COLOMBO-BSCCOMP-PT-202-004UITests" */ = {
			isa = XCConfigurationList;
			buildConfigurations = (
				12272BAD27FF72E100427932 /* Debug */,
				12272BAE27FF72E100427932 /* Release */,
			);
			defaultConfigurationIsVisible = 0;
			defaultConfigurationName = Release;
		};
/* End XCConfigurationList section */

/* Begin XCRemoteSwiftPackageReference section */
		129AE92E28099BE200ED162E /* XCRemoteSwiftPackageReference "firebase-ios-sdk" */ = {
			isa = XCRemoteSwiftPackageReference;
			repositoryURL = "https://github.com/firebase/firebase-ios-sdk";
			requirement = {
				branch = master;
				kind = branch;
			};
		};
		129AE93528099CC100ED162E /* XCRemoteSwiftPackageReference "SDWebImageSwiftUI" */ = {
			isa = XCRemoteSwiftPackageReference;
			repositoryURL = "https://github.com/SDWebImage/SDWebImageSwiftUI.git";
			requirement = {
				branch = master;
				kind = branch;
			};
		};
/* End XCRemoteSwiftPackageReference section */

/* Begin XCSwiftPackageProductDependency section */
		129AE92F28099BE200ED162E /* FirebaseAuth */ = {
			isa = XCSwiftPackageProductDependency;
			package = 129AE92E28099BE200ED162E /* XCRemoteSwiftPackageReference "firebase-ios-sdk" */;
			productName = FirebaseAuth;
		};
		129AE93128099BE200ED162E /* FirebaseFirestore */ = {
			isa = XCSwiftPackageProductDependency;
			package = 129AE92E28099BE200ED162E /* XCRemoteSwiftPackageReference "firebase-ios-sdk" */;
			productName = FirebaseFirestore;
		};
		129AE93328099BE200ED162E /* FirebaseStorage */ = {
			isa = XCSwiftPackageProductDependency;
			package = 129AE92E28099BE200ED162E /* XCRemoteSwiftPackageReference "firebase-ios-sdk" */;
			productName = FirebaseStorage;
		};
		129AE93628099CC100ED162E /* SDWebImageSwiftUI */ = {
			isa = XCSwiftPackageProductDependency;
			package = 129AE93528099CC100ED162E /* XCRemoteSwiftPackageReference "SDWebImageSwiftUI" */;
			productName = SDWebImageSwiftUI;
		};
/* End XCSwiftPackageProductDependency section */
	};
	rootObject = 12272B7A27FF72E000427932 /* Project object */;
}
